Microsoft Visual Studio Solution File, Format Version 12.00
# Visual Studio Version 17
VisualStudioVersion = 17.0.31903.59
MinimumVisualStudioVersion = 10.0.40219.1
Project("{FAE04EC0-301F-11D3-BF4B-00C04F79EFBC}") = "DesignPatterns", "src\DesignPatterns\DesignPatterns.csproj", "{1A4FE0E8-7A72-477C-8DCA-0A499F62D724}"
EndProject
Project("{FAE04EC0-301F-11D3-BF4B-00C04F79EFBC}") = "DesignPatterns.Runner", "src\DesignPatterns.Runner\DesignPatterns.Runner.csproj", "{4162E626-141F-4A5F-84DE-E18D5FFBF14D}"
EndProject
Project("{FAE04EC0-301F-11D3-BF4B-00C04F79EFBC}") = "DesignPatterns.SmokeTests", "tests\DesignPatterns.SmokeTests\DesignPatterns.SmokeTests.csproj", "{0FF1212E-D533-43D3-BD34-E7F04AD35BFD}"
EndProject
Project("{FAE04EC0-301F-11D3-BF4B-00C04F79EFBC}") = "DesignPatterns.TeachingProjects.Tests", "tests\TeachingProjects.Tests\DesignPatterns.TeachingProjects.Tests.csproj", "{BF3E5445-7204-4DC6-B476-13589543B3BA}"
EndProject
Project("{FAE04EC0-301F-11D3-BF4B-00C04F79EFBC}") = "GuideExporter", "tools\GuideExporter\GuideExporter.csproj", "{B1AF4B40-3C25-4D72-A5C1-270979A7E6AE}"
EndProject
Project("{2150E333-8FDC-42A3-9474-1A3956D46DE8}") = "TeachingProjects", "TeachingProjects", "{3007ADE1-A737-C0A9-F288-2E1CDFD2D3AE}"
EndProject
Project("{FAE04EC0-301F-11D3-BF4B-00C04F79EFBC}") = "DesignPatterns.TeachingProjects.OnlineStore", "examples\OnlineStore\DesignPatterns.TeachingProjects.OnlineStore.csproj", "{575BF1DC-4804-4622-9F2D-D0B054924B53}"
EndProject
Project("{FAE04EC0-301F-11D3-BF4B-00C04F79EFBC}") = "DesignPatterns.TeachingProjects.SmartHome", "examples\SmartHome\DesignPatterns.TeachingProjects.SmartHome.csproj", "{C13207DB-EFAA-412C-9502-2CE28CCFB875}"
EndProject
Project("{FAE04EC0-301F-11D3-BF4B-00C04F79EFBC}") = "DesignPatterns.TeachingProjects.DocumentWorkflow", "examples\DocumentWorkflow\DesignPatterns.TeachingProjects.DocumentWorkflow.csproj", "{4D66AAB9-A634-4734-AA83-44FE323CB401}"
EndProject
Project("{2150E333-8FDC-42A3-9474-1A3956D46DE8}") = "AdvancedLabs", "AdvancedLabs", "{2AAC011F-E80C-40C1-4170-6A8307ED7E1A}"
EndProject
Project("{FAE04EC0-301F-11D3-BF4B-00C04F79EFBC}") = "CheckoutRefactoringKata.Contracts", "labs\CheckoutRefactoringKata\Contracts\CheckoutRefactoringKata.Contracts.csproj", "{6DB645F9-5D1A-4500-AA76-0CD8A3CADCC2}"
EndProject
Project("{FAE04EC0-301F-11D3-BF4B-00C04F79EFBC}") = "CheckoutRefactoringKata.Starter", "labs\CheckoutRefactoringKata\Starter\CheckoutRefactoringKata.Starter.csproj", "{33A68D14-0E4E-4383-908A-039895C119FF}"
EndProject
Project("{FAE04EC0-301F-11D3-BF4B-00C04F79EFBC}") = "CheckoutRefactoringKata.Reference", "labs\CheckoutRefactoringKata\Reference\CheckoutRefactoringKata.Reference.csproj", "{63403351-08A5-4402-8F97-EED3DF41B8DA}"
EndProject
Project("{FAE04EC0-301F-11D3-BF4B-00C04F79EFBC}") = "CheckoutRefactoringKata.Tests", "labs\CheckoutRefactoringKata\Tests\CheckoutRefactoringKata.Tests.csproj", "{5BB60925-F066-4796-BEAF-996A206F9D15}"
EndProject
Project("{FAE04EC0-301F-11D3-BF4B-00C04F79EFBC}") = "ReliableCheckout.Api", "labs\ReliableCheckout\ReliableCheckout.Api\ReliableCheckout.Api.csproj", "{552F4ACC-EC16-473C-B7A0-74331C3B80EB}"
EndProject
Project("{FAE04EC0-301F-11D3-BF4B-00C04F79EFBC}") = "ReliableCheckout.Tests", "labs\ReliableCheckout\ReliableCheckout.Tests\ReliableCheckout.Tests.csproj", "{F7AF8A73-B814-4F8E-8C71-30E8270ABE71}"
EndProject
Project("{FAE04EC0-301F-11D3-BF4B-00C04F79EFBC}") = "DesignPatterns.GuideExporter.Tests", "tests\GuideExporter.Tests\DesignPatterns.GuideExporter.Tests.csproj", "{2FE4FF78-5BDB-4F0B-BBCA-BA57049D23CA}"
EndProject
Global
	GlobalSection(SolutionConfigurationPlatforms) = preSolution
		Debug|Any CPU = Debug|Any CPU
		Debug|x64 = Debug|x64
		Debug|x86 = Debug|x86
		Release|Any CPU = Release|Any CPU
		Release|x64 = Release|x64
		Release|x86 = Release|x86
	EndGlobalSection
	GlobalSection(ProjectConfigurationPlatforms) = postSolution
		{1A4FE0E8-7A72-477C-8DCA-0A499F62D724}.Debug|Any CPU.ActiveCfg = Debug|Any CPU
		{1A4FE0E8-7A72-477C-8DCA-0A499F62D724}.Debug|Any CPU.Build.0 = Debug|Any CPU
		{1A4FE0E8-7A72-477C-8DCA-0A499F62D724}.Debug|x64.ActiveCfg = Debug|Any CPU
		{1A4FE0E8-7A72-477C-8DCA-0A499F62D724}.Debug|x64.Build.0 = Debug|Any CPU
		{1A4FE0E8-7A72-477C-8DCA-0A499F62D724}.Debug|x86.ActiveCfg = Debug|Any CPU
		{1A4FE0E8-7A72-477C-8DCA-0A499F62D724}.Debug|x86.Build.0 = Debug|Any CPU
		{1A4FE0E8-7A72-477C-8DCA-0A499F62D724}.Release|Any CPU.ActiveCfg = Release|Any CPU
		{1A4FE0E8-7A72-477C-8DCA-0A499F62D724}.Release|Any CPU.Build.0 = Release|Any CPU
		{1A4FE0E8-7A72-477C-8DCA-0A499F62D724}.Release|x64.ActiveCfg = Release|Any CPU
		{1A4FE0E8-7A72-477C-8DCA-0A499F62D724}.Release|x64.Build.0 = Release|Any CPU
		{1A4FE0E8-7A72-477C-8DCA-0A499F62D724}.Release|x86.ActiveCfg = Release|Any CPU
		{1A4FE0E8-7A72-477C-8DCA-0A499F62D724}.Release|x86.Build.0 = Release|Any CPU
		{4162E626-141F-4A5F-84DE-E18D5FFBF14D}.Debug|Any CPU.ActiveCfg = Debug|Any CPU
		{4162E626-141F-4A5F-84DE-E18D5FFBF14D}.Debug|Any CPU.Build.0 = Debug|Any CPU
		{4162E626-141F-4A5F-84DE-E18D5FFBF14D}.Debug|x64.ActiveCfg = Debug|Any CPU
		{4162E626-141F-4A5F-84DE-E18D5FFBF14D}.Debug|x64.Build.0 = Debug|Any CPU
		{4162E626-141F-4A5F-84DE-E18D5FFBF14D}.Debug|x86.ActiveCfg = Debug|Any CPU
		{4162E626-141F-4A5F-84DE-E18D5FFBF14D}.Debug|x86.Build.0 = Debug|Any CPU
		{4162E626-141F-4A5F-84DE-E18D5FFBF14D}.Release|Any CPU.ActiveCfg = Release|Any CPU
		{4162E626-141F-4A5F-84DE-E18D5FFBF14D}.Release|Any CPU.Build.0 = Release|Any CPU
		{4162E626-141F-4A5F-84DE-E18D5FFBF14D}.Release|x64.ActiveCfg = Release|Any CPU
		{4162E626-141F-4A5F-84DE-E18D5FFBF14D}.Release|x64.Build.0 = Release|Any CPU
		{4162E626-141F-4A5F-84DE-E18D5FFBF14D}.Release|x86.ActiveCfg = Release|Any CPU
		{4162E626-141F-4A5F-84DE-E18D5FFBF14D}.Release|x86.Build.0 = Release|Any CPU
		{0FF1212E-D533-43D3-BD34-E7F04AD35BFD}.Debug|Any CPU.ActiveCfg = Debug|Any CPU
		{0FF1212E-D533-43D3-BD34-E7F04AD35BFD}.Debug|Any CPU.Build.0 = Debug|Any CPU
		{0FF1212E-D533-43D3-BD34-E7F04AD35BFD}.Debug|x64.ActiveCfg = Debug|Any CPU
		{0FF1212E-D533-43D3-BD34-E7F04AD35BFD}.Debug|x64.Build.0 = Debug|Any CPU
		{0FF1212E-D533-43D3-BD34-E7F04AD35BFD}.Debug|x86.ActiveCfg = Debug|Any CPU
		{0FF1212E-D533-43D3-BD34-E7F04AD35BFD}.Debug|x86.Build.0 = Debug|Any CPU
		{0FF1212E-D533-43D3-BD34-E7F04AD35BFD}.Release|Any CPU.ActiveCfg = Release|Any CPU
		{0FF1212E-D533-43D3-BD34-E7F04AD35BFD}.Release|Any CPU.Build.0 = Release|Any CPU
		{0FF1212E-D533-43D3-BD34-E7F04AD35BFD}.Release|x64.ActiveCfg = Release|Any CPU
		{0FF1212E-D533-43D3-BD34-E7F04AD35BFD}.Release|x64.Build.0 = Release|Any CPU
		{0FF1212E-D533-43D3-BD34-E7F04AD35BFD}.Release|x86.ActiveCfg = Release|Any CPU
		{0FF1212E-D533-43D3-BD34-E7F04AD35BFD}.Release|x86.Build.0 = Release|Any CPU
		{BF3E5445-7204-4DC6-B476-13589543B3BA}.Debug|Any CPU.ActiveCfg = Debug|Any CPU
		{BF3E5445-7204-4DC6-B476-13589543B3BA}.Debug|Any CPU.Build.0 = Debug|Any CPU
		{BF3E5445-7204-4DC6-B476-13589543B3BA}.Debug|x64.ActiveCfg = Debug|Any CPU
		{BF3E5445-7204-4DC6-B476-13589543B3BA}.Debug|x64.Build.0 = Debug|Any CPU
		{BF3E5445-7204-4DC6-B476-13589543B3BA}.Debug|x86.ActiveCfg = Debug|Any CPU
		{BF3E5445-7204-4DC6-B476-13589543B3BA}.Debug|x86.Build.0 = Debug|Any CPU
		{BF3E5445-7204-4DC6-B476-13589543B3BA}.Release|Any CPU.ActiveCfg = Release|Any CPU
		{BF3E5445-7204-4DC6-B476-13589543B3BA}.Release|Any CPU.Build.0 = Release|Any CPU
		{BF3E5445-7204-4DC6-B476-13589543B3BA}.Release|x64.ActiveCfg = Release|Any CPU
		{BF3E5445-7204-4DC6-B476-13589543B3BA}.Release|x64.Build.0 = Release|Any CPU
		{BF3E5445-7204-4DC6-B476-13589543B3BA}.Release|x86.ActiveCfg = Release|Any CPU
		{BF3E5445-7204-4DC6-B476-13589543B3BA}.Release|x86.Build.0 = Release|Any CPU
		{B1AF4B40-3C25-4D72-A5C1-270979A7E6AE}.Debug|Any CPU.ActiveCfg = Debug|Any CPU
		{B1AF4B40-3C25-4D72-A5C1-270979A7E6AE}.Debug|Any CPU.Build.0 = Debug|Any CPU
		{B1AF4B40-3C25-4D72-A5C1-270979A7E6AE}.Debug|x64.ActiveCfg = Debug|Any CPU
		{B1AF4B40-3C25-4D72-A5C1-270979A7E6AE}.Debug|x64.Build.0 = Debug|Any CPU
		{B1AF4B40-3C25-4D72-A5C1-270979A7E6AE}.Debug|x86.ActiveCfg = Debug|Any CPU
		{B1AF4B40-3C25-4D72-A5C1-270979A7E6AE}.Debug|x86.Build.0 = Debug|Any CPU
		{B1AF4B40-3C25-4D72-A5C1-270979A7E6AE}.Release|Any CPU.ActiveCfg = Release|Any CPU
		{B1AF4B40-3C25-4D72-A5C1-270979A7E6AE}.Release|Any CPU.Build.0 = Release|Any CPU
		{B1AF4B40-3C25-4D72-A5C1-270979A7E6AE}.Release|x64.ActiveCfg = Release|Any CPU
		{B1AF4B40-3C25-4D72-A5C1-270979A7E6AE}.Release|x64.Build.0 = Release|Any CPU
		{B1AF4B40-3C25-4D72-A5C1-270979A7E6AE}.Release|x86.ActiveCfg = Release|Any CPU
		{B1AF4B40-3C25-4D72-A5C1-270979A7E6AE}.Release|x86.Build.0 = Release|Any CPU
		{575BF1DC-4804-4622-9F2D-D0B054924B53}.Debug|Any CPU.ActiveCfg = Debug|Any CPU
		{575BF1DC-4804-4622-9F2D-D0B054924B53}.Debug|Any CPU.Build.0 = Debug|Any CPU
		{575BF1DC-4804-4622-9F2D-D0B054924B53}.Debug|x64.ActiveCfg = Debug|Any CPU
		{575BF1DC-4804-4622-9F2D-D0B054924B53}.Debug|x64.Build.0 = Debug|Any CPU
		{575BF1DC-4804-4622-9F2D-D0B054924B53}.Debug|x86.ActiveCfg = Debug|Any CPU
		{575BF1DC-4804-4622-9F2D-D0B054924B53}.Debug|x86.Build.0 = Debug|Any CPU
		{575BF1DC-4804-4622-9F2D-D0B054924B53}.Release|Any CPU.ActiveCfg = Release|Any CPU
		{575BF1DC-4804-4622-9F2D-D0B054924B53}.Release|Any CPU.Build.0 = Release|Any CPU
		{575BF1DC-4804-4622-9F2D-D0B054924B53}.Release|x64.ActiveCfg = Release|Any CPU
		{575BF1DC-4804-4622-9F2D-D0B054924B53}.Release|x64.Build.0 = Release|Any CPU
		{575BF1DC-4804-4622-9F2D-D0B054924B53}.Release|x86.ActiveCfg = Release|Any CPU
		{575BF1DC-4804-4622-9F2D-D0B054924B53}.Release|x86.Build.0 = Release|Any CPU
		{C13207DB-EFAA-412C-9502-2CE28CCFB875}.Debug|Any CPU.ActiveCfg = Debug|Any CPU
		{C13207DB-EFAA-412C-9502-2CE28CCFB875}.Debug|Any CPU.Build.0 = Debug|Any CPU
		{C13207DB-EFAA-412C-9502-2CE28CCFB875}.Debug|x64.ActiveCfg = Debug|Any CPU
		{C13207DB-EFAA-412C-9502-2CE28CCFB875}.Debug|x64.Build.0 = Debug|Any CPU
		{C13207DB-EFAA-412C-9502-2CE28CCFB875}.Debug|x86.ActiveCfg = Debug|Any CPU
		{C13207DB-EFAA-412C-9502-2CE28CCFB875}.Debug|x86.Build.0 = Debug|Any CPU
		{C13207DB-EFAA-412C-9502-2CE28CCFB875}.Release|Any CPU.ActiveCfg = Release|Any CPU
		{C13207DB-EFAA-412C-9502-2CE28CCFB875}.Release|Any CPU.Build.0 = Release|Any CPU
		{C13207DB-EFAA-412C-9502-2CE28CCFB875}.Release|x64.ActiveCfg = Release|Any CPU
		{C13207DB-EFAA-412C-9502-2CE28CCFB875}.Release|x64.Build.0 = Release|Any CPU
		{C13207DB-EFAA-412C-9502-2CE28CCFB875}.Release|x86.ActiveCfg = Release|Any CPU
		{C13207DB-EFAA-412C-9502-2CE28CCFB875}.Release|x86.Build.0 = Release|Any CPU
		{4D66AAB9-A634-4734-AA83-44FE323CB401}.Debug|Any CPU.ActiveCfg = Debug|Any CPU
		{4D66AAB9-A634-4734-AA83-44FE323CB401}.Debug|Any CPU.Build.0 = Debug|Any CPU
		{4D66AAB9-A634-4734-AA83-44FE323CB401}.Debug|x64.ActiveCfg = Debug|Any CPU
		{4D66AAB9-A634-4734-AA83-44FE323CB401}.Debug|x64.Build.0 = Debug|Any CPU
		{4D66AAB9-A634-4734-AA83-44FE323CB401}.Debug|x86.ActiveCfg = Debug|Any CPU
		{4D66AAB9-A634-4734-AA83-44FE323CB401}.Debug|x86.Build.0 = Debug|Any CPU
		{4D66AAB9-A634-4734-AA83-44FE323CB401}.Release|Any CPU.ActiveCfg = Release|Any CPU
		{4D66AAB9-A634-4734-AA83-44FE323CB401}.Release|Any CPU.Build.0 = Release|Any CPU
		{4D66AAB9-A634-4734-AA83-44FE323CB401}.Release|x64.ActiveCfg = Release|Any CPU
		{4D66AAB9-A634-4734-AA83-44FE323CB401}.Release|x64.Build.0 = Release|Any CPU
		{4D66AAB9-A634-4734-AA83-44FE323CB401}.Release|x86.ActiveCfg = Release|Any CPU
		{4D66AAB9-A634-4734-AA83-44FE323CB401}.Release|x86.Build.0 = Release|Any CPU
		{6DB645F9-5D1A-4500-AA76-0CD8A3CADCC2}.Debug|Any CPU.ActiveCfg = Debug|Any CPU
		{6DB645F9-5D1A-4500-AA76-0CD8A3CADCC2}.Debug|Any CPU.Build.0 = Debug|Any CPU
		{6DB645F9-5D1A-4500-AA76-0CD8A3CADCC2}.Debug|x64.ActiveCfg = Debug|Any CPU
		{6DB645F9-5D1A-4500-AA76-0CD8A3CADCC2}.Debug|x64.Build.0 = Debug|Any CPU
		{6DB645F9-5D1A-4500-AA76-0CD8A3CADCC2}.Debug|x86.ActiveCfg = Debug|Any CPU
		{6DB645F9-5D1A-4500-AA76-0CD8A3CADCC2}.Debug|x86.Build.0 = Debug|Any CPU
		{6DB645F9-5D1A-4500-AA76-0CD8A3CADCC2}.Release|Any CPU.ActiveCfg = Release|Any CPU
		{6DB645F9-5D1A-4500-AA76-0CD8A3CADCC2}.Release|Any CPU.Build.0 = Release|Any CPU
		{6DB645F9-5D1A-4500-AA76-0CD8A3CADCC2}.Release|x64.ActiveCfg = Release|Any CPU
		{6DB645F9-5D1A-4500-AA76-0CD8A3CADCC2}.Release|x64.Build.0 = Release|Any CPU
		{6DB645F9-5D1A-4500-AA76-0CD8A3CADCC2}.Release|x86.ActiveCfg = Release|Any CPU
		{6DB645F9-5D1A-4500-AA76-0CD8A3CADCC2}.Release|x86.Build.0 = Release|Any CPU
		{33A68D14-0E4E-4383-908A-039895C119FF}.Debug|Any CPU.ActiveCfg = Debug|Any CPU
		{33A68D14-0E4E-4383-908A-039895C119FF}.Debug|Any CPU.Build.0 = Debug|Any CPU
		{33A68D14-0E4E-4383-908A-039895C119FF}.Debug|x64.ActiveCfg = Debug|Any CPU
		{33A68D14-0E4E-4383-908A-039895C119FF}.Debug|x64.Build.0 = Debug|Any CPU
		{33A68D14-0E4E-4383-908A-039895C119FF}.Debug|x86.ActiveCfg = Debug|Any CPU
		{33A68D14-0E4E-4383-908A-039895C119FF}.Debug|x86.Build.0 = Debug|Any CPU
		{33A68D14-0E4E-4383-908A-039895C119FF}.Release|Any CPU.ActiveCfg = Release|Any CPU
		{33A68D14-0E4E-4383-908A-039895C119FF}.Release|Any CPU.Build.0 = Release|Any CPU
		{33A68D14-0E4E-4383-908A-039895C119FF}.Release|x64.ActiveCfg = Release|Any CPU
		{33A68D14-0E4E-4383-908A-039895C119FF}.Release|x64.Build.0 = Release|Any CPU
		{33A68D14-0E4E-4383-908A-039895C119FF}.Release|x86.ActiveCfg = Release|Any CPU
		{33A68D14-0E4E-4383-908A-039895C119FF}.Release|x86.Build.0 = Release|Any CPU
		{63403351-08A5-4402-8F97-EED3DF41B8DA}.Debug|Any CPU.ActiveCfg = Debug|Any CPU
		{63403351-08A5-4402-8F97-EED3DF41B8DA}.Debug|Any CPU.Build.0 = Debug|Any CPU
		{63403351-08A5-4402-8F97-EED3DF41B8DA}.Debug|x64.ActiveCfg = Debug|Any CPU
		{63403351-08A5-4402-8F97-EED3DF41B8DA}.Debug|x64.Build.0 = Debug|Any CPU
		{63403351-08A5-4402-8F97-EED3DF41B8DA}.Debug|x86.ActiveCfg = Debug|Any CPU
		{63403351-08A5-4402-8F97-EED3DF41B8DA}.Debug|x86.Build.0 = Debug|Any CPU
		{63403351-08A5-4402-8F97-EED3DF41B8DA}.Release|Any CPU.ActiveCfg = Release|Any CPU
		{63403351-08A5-4402-8F97-EED3DF41B8DA}.Release|Any CPU.Build.0 = Release|Any CPU
		{63403351-08A5-4402-8F97-EED3DF41B8DA}.Release|x64.ActiveCfg = Release|Any CPU
		{63403351-08A5-4402-8F97-EED3DF41B8DA}.Release|x64.Build.0 = Release|Any CPU
		{63403351-08A5-4402-8F97-EED3DF41B8DA}.Release|x86.ActiveCfg = Release|Any CPU
		{63403351-08A5-4402-8F97-EED3DF41B8DA}.Release|x86.Build.0 = Release|Any CPU
		{5BB60925-F066-4796-BEAF-996A206F9D15}.Debug|Any CPU.ActiveCfg = Debug|Any CPU
		{5BB60925-F066-4796-BEAF-996A206F9D15}.Debug|Any CPU.Build.0 = Debug|Any CPU
		{5BB60925-F066-4796-BEAF-996A206F9D15}.Debug|x64.ActiveCfg = Debug|Any CPU
		{5BB60925-F066-4796-BEAF-996A206F9D15}.Debug|x64.Build.0 = Debug|Any CPU
		{5BB60925-F066-4796-BEAF-996A206F9D15}.Debug|x86.ActiveCfg = Debug|Any CPU
		{5BB60925-F066-4796-BEAF-996A206F9D15}.Debug|x86.Build.0 = Debug|Any CPU
		{5BB60925-F066-4796-BEAF-996A206F9D15}.Release|Any CPU.ActiveCfg = Release|Any CPU
		{5BB60925-F066-4796-BEAF-996A206F9D15}.Release|Any CPU.Build.0 = Release|Any CPU
		{5BB60925-F066-4796-BEAF-996A206F9D15}.Release|x64.ActiveCfg = Release|Any CPU
		{5BB60925-F066-4796-BEAF-996A206F9D15}.Release|x64.Build.0 = Release|Any CPU
		{5BB60925-F066-4796-BEAF-996A206F9D15}.Release|x86.ActiveCfg = Release|Any CPU
		{5BB60925-F066-4796-BEAF-996A206F9D15}.Release|x86.Build.0 = Release|Any CPU
		{552F4ACC-EC16-473C-B7A0-74331C3B80EB}.Debug|Any CPU.ActiveCfg = Debug|Any CPU
		{552F4ACC-EC16-473C-B7A0-74331C3B80EB}.Debug|Any CPU.Build.0 = Debug|Any CPU
		{552F4ACC-EC16-473C-B7A0-74331C3B80EB}.Debug|x64.ActiveCfg = Debug|Any CPU
		{552F4ACC-EC16-473C-B7A0-74331C3B80EB}.Debug|x64.Build.0 = Debug|Any CPU
		{552F4ACC-EC16-473C-B7A0-74331C3B80EB}.Debug|x86.ActiveCfg = Debug|Any CPU
		{552F4ACC-EC16-473C-B7A0-74331C3B80EB}.Debug|x86.Build.0 = Debug|Any CPU
		{552F4ACC-EC16-473C-B7A0-74331C3B80EB}.Release|Any CPU.ActiveCfg = Release|Any CPU
		{552F4ACC-EC16-473C-B7A0-74331C3B80EB}.Release|Any CPU.Build.0 = Release|Any CPU
		{552F4ACC-EC16-473C-B7A0-74331C3B80EB}.Release|x64.ActiveCfg = Release|Any CPU
		{552F4ACC-EC16-473C-B7A0-74331C3B80EB}.Release|x64.Build.0 = Release|Any CPU
		{552F4ACC-EC16-473C-B7A0-74331C3B80EB}.Release|x86.ActiveCfg = Release|Any CPU
		{552F4ACC-EC16-473C-B7A0-74331C3B80EB}.Release|x86.Build.0 = Release|Any CPU
		{F7AF8A73-B814-4F8E-8C71-30E8270ABE71}.Debug|Any CPU.ActiveCfg = Debug|Any CPU
		{F7AF8A73-B814-4F8E-8C71-30E8270ABE71}.Debug|Any CPU.Build.0 = Debug|Any CPU
		{F7AF8A73-B814-4F8E-8C71-30E8270ABE71}.Debug|x64.ActiveCfg = Debug|Any CPU
		{F7AF8A73-B814-4F8E-8C71-30E8270ABE71}.Debug|x64.Build.0 = Debug|Any CPU
		{F7AF8A73-B814-4F8E-8C71-30E8270ABE71}.Debug|x86.ActiveCfg = Debug|Any CPU
		{F7AF8A73-B814-4F8E-8C71-30E8270ABE71}.Debug|x86.Build.0 = Debug|Any CPU
		{F7AF8A73-B814-4F8E-8C71-30E8270ABE71}.Release|Any CPU.ActiveCfg = Release|Any CPU
		{F7AF8A73-B814-4F8E-8C71-30E8270ABE71}.Release|Any CPU.Build.0 = Release|Any CPU
		{F7AF8A73-B814-4F8E-8C71-30E8270ABE71}.Release|x64.ActiveCfg = Release|Any CPU
		{F7AF8A73-B814-4F8E-8C71-30E8270ABE71}.Release|x64.Build.0 = Release|Any CPU
		{F7AF8A73-B814-4F8E-8C71-30E8270ABE71}.Release|x86.ActiveCfg = Release|Any CPU
		{F7AF8A73-B814-4F8E-8C71-30E8270ABE71}.Release|x86.Build.0 = Release|Any CPU
		{2FE4FF78-5BDB-4F0B-BBCA-BA57049D23CA}.Debug|Any CPU.ActiveCfg = Debug|Any CPU
		{2FE4FF78-5BDB-4F0B-BBCA-BA57049D23CA}.Debug|Any CPU.Build.0 = Debug|Any CPU
		{2FE4FF78-5BDB-4F0B-BBCA-BA57049D23CA}.Debug|x64.ActiveCfg = Debug|Any CPU
		{2FE4FF78-5BDB-4F0B-BBCA-BA57049D23CA}.Debug|x64.Build.0 = Debug|Any CPU
		{2FE4FF78-5BDB-4F0B-BBCA-BA57049D23CA}.Debug|x86.ActiveCfg = Debug|Any CPU
		{2FE4FF78-5BDB-4F0B-BBCA-BA57049D23CA}.Debug|x86.Build.0 = Debug|Any CPU
		{2FE4FF78-5BDB-4F0B-BBCA-BA57049D23CA}.Release|Any CPU.ActiveCfg = Release|Any CPU
		{2FE4FF78-5BDB-4F0B-BBCA-BA57049D23CA}.Release|Any CPU.Build.0 = Release|Any CPU
		{2FE4FF78-5BDB-4F0B-BBCA-BA57049D23CA}.Release|x64.ActiveCfg = Release|Any CPU
		{2FE4FF78-5BDB-4F0B-BBCA-BA57049D23CA}.Release|x64.Build.0 = Release|Any CPU
		{2FE4FF78-5BDB-4F0B-BBCA-BA57049D23CA}.Release|x86.ActiveCfg = Release|Any CPU
		{2FE4FF78-5BDB-4F0B-BBCA-BA57049D23CA}.Release|x86.Build.0 = Release|Any CPU
	EndGlobalSection
	GlobalSection(SolutionProperties) = preSolution
		HideSolutionNode = FALSE
	EndGlobalSection
	GlobalSection(NestedProjects) = preSolution
		{575BF1DC-4804-4622-9F2D-D0B054924B53} = {3007ADE1-A737-C0A9-F288-2E1CDFD2D3AE}
		{C13207DB-EFAA-412C-9502-2CE28CCFB875} = {3007ADE1-A737-C0A9-F288-2E1CDFD2D3AE}
		{4D66AAB9-A634-4734-AA83-44FE323CB401} = {3007ADE1-A737-C0A9-F288-2E1CDFD2D3AE}
		{6DB645F9-5D1A-4500-AA76-0CD8A3CADCC2} = {2AAC011F-E80C-40C1-4170-6A8307ED7E1A}
		{33A68D14-0E4E-4383-908A-039895C119FF} = {2AAC011F-E80C-40C1-4170-6A8307ED7E1A}
		{63403351-08A5-4402-8F97-EED3DF41B8DA} = {2AAC011F-E80C-40C1-4170-6A8307ED7E1A}
		{5BB60925-F066-4796-BEAF-996A206F9D15} = {2AAC011F-E80C-40C1-4170-6A8307ED7E1A}
		{552F4ACC-EC16-473C-B7A0-74331C3B80EB} = {2AAC011F-E80C-40C1-4170-6A8307ED7E1A}
		{F7AF8A73-B814-4F8E-8C71-30E8270ABE71} = {2AAC011F-E80C-40C1-4170-6A8307ED7E1A}
	EndGlobalSection
EndGlobal
